# THIS IS AN AUTOGENERATED FILE. DO NOT EDIT THIS FILE DIRECTLY.
# yarn lockfile v1


"@babel/runtime@^7.17.2":
  version "7.19.0"
  resolved "https://registry.yarnpkg.com/@babel/runtime/-/runtime-7.19.0.tgz#22b11c037b094d27a8a2504ea4dcff00f50e2259"
  integrity sha512-eR8Lo9hnDS7tqkO7NsV+mKvCmv5boaXFSZ70DnfhcgiEne8hv9oCEd36Klw74EtizEqLsy4YnW8UWwpBVolHZA==
  dependencies:
    regenerator-runtime "^0.13.4"

i18next@^21.9.2:
  version "21.9.2"
  resolved "https://registry.yarnpkg.com/i18next/-/i18next-21.9.2.tgz#3f7c5594393eb27117c1db4c38f5ec766e68de0e"
  integrity sha512-00fVrLQOwy45nm3OtC9l1WiLK3nJlIYSljgCt0qzTaAy65aciMdRy9GsuW+a2AtKtdg9/njUGfRH30LRupV7ZQ==
  dependencies:
    "@babel/runtime" "^7.17.2"

regenerator-runtime@^0.13.4:
  version "0.13.9"
  resolved "https://registry.yarnpkg.com/regenerator-runtime/-/regenerator-runtime-0.13.9.tgz#8925742a98ffd90814988d7566ad30ca3b263b52"
  integrity sha512-p3VT+cOEgxFsRRA9X4lkI1E+k2/CtnKtU4gcxyaCUreilL/vqI6CdZ3wxVUx3UOUg+gnUOQQcRI7BmSI656MYA==
